
Microsoft Visual Studio Solution File, Format Version 12.00
# Visual Studio Version 17
VisualStudioVersion = 17.4.33205.214
MinimumVisualStudioVersion = 10.0.40219.1
Project("{FAE04EC0-301F-11D3-BF4B-00C04F79EFBC}") = "FormatarContrato", "FormatarContrato\FormatarContrato.csproj", "{79A7CA01-CACD-4891-AD27-B4D437E1B546}"
EndProject
Global
	GlobalSection(SolutionConfigurationPlatforms) = preSolution
		Debug|Any CPU = Debug|Any CPU
		Release|Any CPU = Release|Any CPU
	EndGlobalSection
	GlobalSection(ProjectConfigurationPlatforms) = postSolution
		{79A7CA01-CACD-4891-AD27-B4D437E1B546}.Debug|Any CPU.ActiveCfg = Debug|Any CPU
		{79A7CA01-CACD-4891-AD27-B4D437E1B546}.Debug|Any CPU.Build.0 = Debug|Any CPU
		{79A7CA01-CACD-4891-AD27-B4D437E1B546}.Release|Any CPU.ActiveCfg = Release|Any CPU
		{79A7CA01-CACD-4891-AD27-B4D437E1B546}.Release|Any CPU.Build.0 = Release|Any CPU
	EndGlobalSection
	GlobalSection(SolutionProperties) = preSolution
		HideSolutionNode = FALSE
	EndGlobalSection
	GlobalSection(ExtensibilityGlobals) = postSolution
		SolutionGuid = {B0361E5D-0330-47E6-9089-03EFBD7DAF2C}
	EndGlobalSection
EndGlobal
